{
  "name": "html-to-object",
  "version": "1.0.0",
  "lockfileVersion": 2,
  "requires": true,
  "packages": {
    "": {
      "name": "html-to-object",
      "version": "1.0.0",
      "license": "ISC",
      "dependencies": {
        "sussy-util": "^10.1.1"
      }
    },
    "node_modules/sussy-util": {
      "version": "10.1.1",
      "resolved": "https://registry.npmjs.org/sussy-util/-/sussy-util-10.1.1.tgz",
      "integrity": "sha512-IM4YCtLmL1VfocyRBsbITUV4jF8EeYoSbbH4Y8iDy2sI6dkphetQ80V5D2+WqKoFvoXBUyrr5AeNBH93Fsva6g=="
    }
  },
  "dependencies": {
    "sussy-util": {
      "version": "10.1.1",
      "resolved": "https://registry.npmjs.org/sussy-util/-/sussy-util-10.1.1.tgz",
      "integrity": "sha512-IM4YCtLmL1VfocyRBsbITUV4jF8EeYoSbbH4Y8iDy2sI6dkphetQ80V5D2+WqKoFvoXBUyrr5AeNBH93Fsva6g=="
    }
  }
}
